
Microsoft Visual Studio Solution File, Format Version 12.00
# Visual Studio 14
VisualStudioVersion = 14.0.23107.0
MinimumVisualStudioVersion = 10.0.40219.1
Project("{2150E333-8FDC-42A3-9474-1A3956D46DE8}") = "Solution Items", "Solution Items", "{1D1EF7CF-7BA6-4B09-84AB-65B813C43320}"
	ProjectSection(SolutionItems) = preProject
		FeatureIdeas.txt = FeatureIdeas.txt
	EndProjectSection
EndProject
Project("{FAE04EC0-301F-11D3-BF4B-00C04F79EFBC}") = "MyHome.UI", "MyHome.UI\MyHome.UI.csproj", "{AC4484C4-3FC5-4DC1-B1A2-F9C0125B3583}"
EndProject
Project("{FAE04EC0-301F-11D3-BF4B-00C04F79EFBC}") = "MyHome.DataRepositories", "MyHome.DataRepositories\MyHome.DataRepositories.csproj", "{306B249A-744F-4C66-9365-07CB3EC58A7A}"
EndProject
Project("{FAE04EC0-301F-11D3-BF4B-00C04F79EFBC}") = "MyHome.DataClasses", "MyHome.DataClasses\MyHome.DataClasses.csproj", "{977477BF-6CCA-4FFE-AA4B-B77F9B7D2C68}"
EndProject
Project("{FAE04EC0-301F-11D3-BF4B-00C04F79EFBC}") = "MyHome.Services", "MyHome.Services\MyHome.Services.csproj", "{4CF9D86B-3A55-44F1-9C75-189D7FB50E1D}"
EndProject
Project("{FAE04EC0-301F-11D3-BF4B-00C04F79EFBC}") = "MyHome.Infrastructure", "FrameWork\MyHome.Infrastructure.csproj", "{89C7A321-B6DC-455A-B99F-594A9570FB20}"
EndProject
Project("{FAE04EC0-301F-11D3-BF4B-00C04F79EFBC}") = "MyHome.Persistence", "MyHome.Persistence\MyHome.Persistence.csproj", "{5424771D-5CD2-4E89-883D-46343DC4B543}"
EndProject
Project("{2150E333-8FDC-42A3-9474-1A3956D46DE8}") = ".nuget", ".nuget", "{9DC552B3-F3AE-4C53-9F09-638E27D155C5}"
	ProjectSection(SolutionItems) = preProject
		.nuget\NuGet.Config = .nuget\NuGet.Config
		.nuget\NuGet.exe = .nuget\NuGet.exe
		.nuget\NuGet.targets = .nuget\NuGet.targets
	EndProjectSection
EndProject
Project("{2150E333-8FDC-42A3-9474-1A3956D46DE8}") = "Tests", "Tests", "{C404D53E-C09E-43EA-B529-E2AD7688790B}"
EndProject
Project("{2150E333-8FDC-42A3-9474-1A3956D46DE8}") = "Features", "Features", "{C09F3FC7-D399-449E-8A76-5BFBE783B5A8}"
EndProject
Project("{2150E333-8FDC-42A3-9474-1A3956D46DE8}") = "Utils", "Utils", "{2B22FA29-6B0D-4293-968E-1AE340B52E3C}"
EndProject
Project("{FAE04EC0-301F-11D3-BF4B-00C04F79EFBC}") = "MyHome.Spec", "Tests\Features\MyHome.Spec\MyHome.Spec.csproj", "{6FA95DDD-4A4A-45FC-A65B-30D2B23B67D4}"
EndProject
Project("{2150E333-8FDC-42A3-9474-1A3956D46DE8}") = "Unit Tests", "Unit Tests", "{DC0E6966-15A3-48B6-B152-A925FE10B4FD}"
EndProject
Project("{FAE04EC0-301F-11D3-BF4B-00C04F79EFBC}") = "MyHome.DataClasses.Tests", "Tests\Unit Tests\MyHome.DataClasses.Tests\MyHome.DataClasses.Tests.csproj", "{BC417E8A-F6FA-412B-9EF3-945BBE619E91}"
Project("{FAE04EC0-301F-11D3-BF4B-00C04F79EFBC}") = "MyHome.Infrastructure.Tests", "MyHome.Infrastructure.Tests\MyHome.Infrastructure.Tests.csproj", "{39D19E5C-2857-43E7-8A50-150C72A0EEED}"
EndProject
Project("{FAE04EC0-301F-11D3-BF4B-00C04F79EFBC}") = "MyHome.DataRepositories.Tests", "Tests\Unit Tests\MyHome.DataRepositories.Tests\MyHome.DataRepositories.Tests.csproj", "{4B44638F-2838-4526-8348-F2C1D521DBAF}"
EndProject
Global
	GlobalSection(SolutionConfigurationPlatforms) = preSolution
		Debug|Any CPU = Debug|Any CPU
		Debug|Mixed Platforms = Debug|Mixed Platforms
		Debug|x86 = Debug|x86
		Release|Any CPU = Release|Any CPU
		Release|Mixed Platforms = Release|Mixed Platforms
		Release|x86 = Release|x86
	EndGlobalSection
	GlobalSection(ProjectConfigurationPlatforms) = postSolution
		{AC4484C4-3FC5-4DC1-B1A2-F9C0125B3583}.Debug|Any CPU.ActiveCfg = Debug|x86
		{AC4484C4-3FC5-4DC1-B1A2-F9C0125B3583}.Debug|Mixed Platforms.ActiveCfg = Debug|x86
		{AC4484C4-3FC5-4DC1-B1A2-F9C0125B3583}.Debug|Mixed Platforms.Build.0 = Debug|x86
		{AC4484C4-3FC5-4DC1-B1A2-F9C0125B3583}.Debug|x86.ActiveCfg = Debug|x86
		{AC4484C4-3FC5-4DC1-B1A2-F9C0125B3583}.Debug|x86.Build.0 = Debug|x86
		{AC4484C4-3FC5-4DC1-B1A2-F9C0125B3583}.Release|Any CPU.ActiveCfg = Release|x86
		{AC4484C4-3FC5-4DC1-B1A2-F9C0125B3583}.Release|Mixed Platforms.ActiveCfg = Release|x86
		{AC4484C4-3FC5-4DC1-B1A2-F9C0125B3583}.Release|Mixed Platforms.Build.0 = Release|x86
		{AC4484C4-3FC5-4DC1-B1A2-F9C0125B3583}.Release|x86.ActiveCfg = Release|x86
		{AC4484C4-3FC5-4DC1-B1A2-F9C0125B3583}.Release|x86.Build.0 = Release|x86
		{306B249A-744F-4C66-9365-07CB3EC58A7A}.Debug|Any CPU.ActiveCfg = Debug|Any CPU
		{306B249A-744F-4C66-9365-07CB3EC58A7A}.Debug|Any CPU.Build.0 = Debug|Any CPU
		{306B249A-744F-4C66-9365-07CB3EC58A7A}.Debug|Mixed Platforms.ActiveCfg = Debug|Any CPU
		{306B249A-744F-4C66-9365-07CB3EC58A7A}.Debug|Mixed Platforms.Build.0 = Debug|Any CPU
		{306B249A-744F-4C66-9365-07CB3EC58A7A}.Debug|x86.ActiveCfg = Debug|Any CPU
		{306B249A-744F-4C66-9365-07CB3EC58A7A}.Release|Any CPU.ActiveCfg = Release|Any CPU
		{306B249A-744F-4C66-9365-07CB3EC58A7A}.Release|Any CPU.Build.0 = Release|Any CPU
		{306B249A-744F-4C66-9365-07CB3EC58A7A}.Release|Mixed Platforms.ActiveCfg = Release|Any CPU
		{306B249A-744F-4C66-9365-07CB3EC58A7A}.Release|Mixed Platforms.Build.0 = Release|Any CPU
		{306B249A-744F-4C66-9365-07CB3EC58A7A}.Release|x86.ActiveCfg = Release|Any CPU
		{977477BF-6CCA-4FFE-AA4B-B77F9B7D2C68}.Debug|Any CPU.ActiveCfg = Debug|Any CPU
		{977477BF-6CCA-4FFE-AA4B-B77F9B7D2C68}.Debug|Any CPU.Build.0 = Debug|Any CPU
		{977477BF-6CCA-4FFE-AA4B-B77F9B7D2C68}.Debug|Mixed Platforms.ActiveCfg = Debug|Any CPU
		{977477BF-6CCA-4FFE-AA4B-B77F9B7D2C68}.Debug|Mixed Platforms.Build.0 = Debug|Any CPU
		{977477BF-6CCA-4FFE-AA4B-B77F9B7D2C68}.Debug|x86.ActiveCfg = Debug|Any CPU
		{977477BF-6CCA-4FFE-AA4B-B77F9B7D2C68}.Release|Any CPU.ActiveCfg = Release|Any CPU
		{977477BF-6CCA-4FFE-AA4B-B77F9B7D2C68}.Release|Any CPU.Build.0 = Release|Any CPU
		{977477BF-6CCA-4FFE-AA4B-B77F9B7D2C68}.Release|Mixed Platforms.ActiveCfg = Release|Any CPU
		{977477BF-6CCA-4FFE-AA4B-B77F9B7D2C68}.Release|Mixed Platforms.Build.0 = Release|Any CPU
		{977477BF-6CCA-4FFE-AA4B-B77F9B7D2C68}.Release|x86.ActiveCfg = Release|Any CPU
		{4CF9D86B-3A55-44F1-9C75-189D7FB50E1D}.Debug|Any CPU.ActiveCfg = Debug|Any CPU
		{4CF9D86B-3A55-44F1-9C75-189D7FB50E1D}.Debug|Any CPU.Build.0 = Debug|Any CPU
		{4CF9D86B-3A55-44F1-9C75-189D7FB50E1D}.Debug|Mixed Platforms.ActiveCfg = Debug|Any CPU
		{4CF9D86B-3A55-44F1-9C75-189D7FB50E1D}.Debug|Mixed Platforms.Build.0 = Debug|Any CPU
		{4CF9D86B-3A55-44F1-9C75-189D7FB50E1D}.Debug|x86.ActiveCfg = Debug|Any CPU
		{4CF9D86B-3A55-44F1-9C75-189D7FB50E1D}.Release|Any CPU.ActiveCfg = Release|Any CPU
		{4CF9D86B-3A55-44F1-9C75-189D7FB50E1D}.Release|Any CPU.Build.0 = Release|Any CPU
		{4CF9D86B-3A55-44F1-9C75-189D7FB50E1D}.Release|Mixed Platforms.ActiveCfg = Release|Any CPU
		{4CF9D86B-3A55-44F1-9C75-189D7FB50E1D}.Release|Mixed Platforms.Build.0 = Release|Any CPU
		{4CF9D86B-3A55-44F1-9C75-189D7FB50E1D}.Release|x86.ActiveCfg = Release|Any CPU
		{89C7A321-B6DC-455A-B99F-594A9570FB20}.Debug|Any CPU.ActiveCfg = Debug|Any CPU
		{89C7A321-B6DC-455A-B99F-594A9570FB20}.Debug|Any CPU.Build.0 = Debug|Any CPU
		{89C7A321-B6DC-455A-B99F-594A9570FB20}.Debug|Mixed Platforms.ActiveCfg = Debug|Any CPU
		{89C7A321-B6DC-455A-B99F-594A9570FB20}.Debug|Mixed Platforms.Build.0 = Debug|Any CPU
		{89C7A321-B6DC-455A-B99F-594A9570FB20}.Debug|x86.ActiveCfg = Debug|Any CPU
		{89C7A321-B6DC-455A-B99F-594A9570FB20}.Release|Any CPU.ActiveCfg = Release|Any CPU
		{89C7A321-B6DC-455A-B99F-594A9570FB20}.Release|Any CPU.Build.0 = Release|Any CPU
		{89C7A321-B6DC-455A-B99F-594A9570FB20}.Release|Mixed Platforms.ActiveCfg = Release|Any CPU
		{89C7A321-B6DC-455A-B99F-594A9570FB20}.Release|Mixed Platforms.Build.0 = Release|Any CPU
		{89C7A321-B6DC-455A-B99F-594A9570FB20}.Release|x86.ActiveCfg = Release|Any CPU
		{5424771D-5CD2-4E89-883D-46343DC4B543}.Debug|Any CPU.ActiveCfg = Debug|Any CPU
		{5424771D-5CD2-4E89-883D-46343DC4B543}.Debug|Any CPU.Build.0 = Debug|Any CPU
		{5424771D-5CD2-4E89-883D-46343DC4B543}.Debug|Mixed Platforms.ActiveCfg = Debug|Any CPU
		{5424771D-5CD2-4E89-883D-46343DC4B543}.Debug|Mixed Platforms.Build.0 = Debug|Any CPU
		{5424771D-5CD2-4E89-883D-46343DC4B543}.Debug|x86.ActiveCfg = Debug|Any CPU
		{5424771D-5CD2-4E89-883D-46343DC4B543}.Release|Any CPU.ActiveCfg = Release|Any CPU
		{5424771D-5CD2-4E89-883D-46343DC4B543}.Release|Any CPU.Build.0 = Release|Any CPU
		{5424771D-5CD2-4E89-883D-46343DC4B543}.Release|Mixed Platforms.ActiveCfg = Release|Any CPU
		{5424771D-5CD2-4E89-883D-46343DC4B543}.Release|Mixed Platforms.Build.0 = Release|Any CPU
		{5424771D-5CD2-4E89-883D-46343DC4B543}.Release|x86.ActiveCfg = Release|Any CPU
		{6FA95DDD-4A4A-45FC-A65B-30D2B23B67D4}.Debug|Any CPU.ActiveCfg = Debug|Any CPU
		{6FA95DDD-4A4A-45FC-A65B-30D2B23B67D4}.Debug|Any CPU.Build.0 = Debug|Any CPU
		{6FA95DDD-4A4A-45FC-A65B-30D2B23B67D4}.Debug|Mixed Platforms.ActiveCfg = Debug|Any CPU
		{6FA95DDD-4A4A-45FC-A65B-30D2B23B67D4}.Debug|Mixed Platforms.Build.0 = Debug|Any CPU
		{6FA95DDD-4A4A-45FC-A65B-30D2B23B67D4}.Debug|x86.ActiveCfg = Debug|Any CPU
		{6FA95DDD-4A4A-45FC-A65B-30D2B23B67D4}.Release|Any CPU.ActiveCfg = Release|Any CPU
		{6FA95DDD-4A4A-45FC-A65B-30D2B23B67D4}.Release|Any CPU.Build.0 = Release|Any CPU
		{6FA95DDD-4A4A-45FC-A65B-30D2B23B67D4}.Release|Mixed Platforms.ActiveCfg = Release|Any CPU
		{6FA95DDD-4A4A-45FC-A65B-30D2B23B67D4}.Release|Mixed Platforms.Build.0 = Release|Any CPU
		{6FA95DDD-4A4A-45FC-A65B-30D2B23B67D4}.Release|x86.ActiveCfg = Release|Any CPU
		{BC417E8A-F6FA-412B-9EF3-945BBE619E91}.Debug|Any CPU.ActiveCfg = Debug|Any CPU
		{BC417E8A-F6FA-412B-9EF3-945BBE619E91}.Debug|Any CPU.Build.0 = Debug|Any CPU
		{BC417E8A-F6FA-412B-9EF3-945BBE619E91}.Debug|Mixed Platforms.ActiveCfg = Debug|Any CPU
		{BC417E8A-F6FA-412B-9EF3-945BBE619E91}.Debug|Mixed Platforms.Build.0 = Debug|Any CPU
		{BC417E8A-F6FA-412B-9EF3-945BBE619E91}.Debug|x86.ActiveCfg = Debug|Any CPU
		{BC417E8A-F6FA-412B-9EF3-945BBE619E91}.Debug|x86.Build.0 = Debug|Any CPU
		{BC417E8A-F6FA-412B-9EF3-945BBE619E91}.Release|Any CPU.ActiveCfg = Release|Any CPU
		{BC417E8A-F6FA-412B-9EF3-945BBE619E91}.Release|Any CPU.Build.0 = Release|Any CPU
		{BC417E8A-F6FA-412B-9EF3-945BBE619E91}.Release|Mixed Platforms.ActiveCfg = Release|Any CPU
		{BC417E8A-F6FA-412B-9EF3-945BBE619E91}.Release|Mixed Platforms.Build.0 = Release|Any CPU
		{BC417E8A-F6FA-412B-9EF3-945BBE619E91}.Release|x86.ActiveCfg = Release|Any CPU
		{BC417E8A-F6FA-412B-9EF3-945BBE619E91}.Release|x86.Build.0 = Release|Any CPU
		{39D19E5C-2857-43E7-8A50-150C72A0EEED}.Debug|Any CPU.ActiveCfg = Debug|Any CPU
		{39D19E5C-2857-43E7-8A50-150C72A0EEED}.Debug|Any CPU.Build.0 = Debug|Any CPU
		{39D19E5C-2857-43E7-8A50-150C72A0EEED}.Debug|Mixed Platforms.ActiveCfg = Debug|Any CPU
		{39D19E5C-2857-43E7-8A50-150C72A0EEED}.Debug|Mixed Platforms.Build.0 = Debug|Any CPU
		{39D19E5C-2857-43E7-8A50-150C72A0EEED}.Debug|x86.ActiveCfg = Debug|Any CPU
		{39D19E5C-2857-43E7-8A50-150C72A0EEED}.Debug|x86.Build.0 = Debug|Any CPU
		{39D19E5C-2857-43E7-8A50-150C72A0EEED}.Release|Any CPU.ActiveCfg = Release|Any CPU
		{39D19E5C-2857-43E7-8A50-150C72A0EEED}.Release|Any CPU.Build.0 = Release|Any CPU
		{39D19E5C-2857-43E7-8A50-150C72A0EEED}.Release|Mixed Platforms.ActiveCfg = Release|Any CPU
		{39D19E5C-2857-43E7-8A50-150C72A0EEED}.Release|Mixed Platforms.Build.0 = Release|Any CPU
		{39D19E5C-2857-43E7-8A50-150C72A0EEED}.Release|x86.ActiveCfg = Release|Any CPU
		{39D19E5C-2857-43E7-8A50-150C72A0EEED}.Release|x86.Build.0 = Release|Any CPU
		{4B44638F-2838-4526-8348-F2C1D521DBAF}.Debug|Any CPU.ActiveCfg = Debug|Any CPU
		{4B44638F-2838-4526-8348-F2C1D521DBAF}.Debug|Any CPU.Build.0 = Debug|Any CPU
		{4B44638F-2838-4526-8348-F2C1D521DBAF}.Debug|Mixed Platforms.ActiveCfg = Debug|Any CPU
		{4B44638F-2838-4526-8348-F2C1D521DBAF}.Debug|Mixed Platforms.Build.0 = Debug|Any CPU
		{4B44638F-2838-4526-8348-F2C1D521DBAF}.Debug|x86.ActiveCfg = Debug|Any CPU
		{4B44638F-2838-4526-8348-F2C1D521DBAF}.Debug|x86.Build.0 = Debug|Any CPU
		{4B44638F-2838-4526-8348-F2C1D521DBAF}.Release|Any CPU.ActiveCfg = Release|Any CPU
		{4B44638F-2838-4526-8348-F2C1D521DBAF}.Release|Any CPU.Build.0 = Release|Any CPU
		{4B44638F-2838-4526-8348-F2C1D521DBAF}.Release|Mixed Platforms.ActiveCfg = Release|Any CPU
		{4B44638F-2838-4526-8348-F2C1D521DBAF}.Release|Mixed Platforms.Build.0 = Release|Any CPU
		{4B44638F-2838-4526-8348-F2C1D521DBAF}.Release|x86.ActiveCfg = Release|Any CPU
		{4B44638F-2838-4526-8348-F2C1D521DBAF}.Release|x86.Build.0 = Release|Any CPU
	EndGlobalSection
	GlobalSection(SolutionProperties) = preSolution
		HideSolutionNode = FALSE
	EndGlobalSection
	GlobalSection(NestedProjects) = preSolution
		{C09F3FC7-D399-449E-8A76-5BFBE783B5A8} = {C404D53E-C09E-43EA-B529-E2AD7688790B}
		{2B22FA29-6B0D-4293-968E-1AE340B52E3C} = {C404D53E-C09E-43EA-B529-E2AD7688790B}
		{6FA95DDD-4A4A-45FC-A65B-30D2B23B67D4} = {C09F3FC7-D399-449E-8A76-5BFBE783B5A8}
		{DC0E6966-15A3-48B6-B152-A925FE10B4FD} = {C404D53E-C09E-43EA-B529-E2AD7688790B}
		{BC417E8A-F6FA-412B-9EF3-945BBE619E91} = {DC0E6966-15A3-48B6-B152-A925FE10B4FD}
		{39D19E5C-2857-43E7-8A50-150C72A0EEED} = {C404D53E-C09E-43EA-B529-E2AD7688790B}
		{4B44638F-2838-4526-8348-F2C1D521DBAF} = {DC0E6966-15A3-48B6-B152-A925FE10B4FD}
	EndGlobalSection
	GlobalSection(TestCaseManagementSettings) = postSolution
		CategoryFile = MyHome2013.vsmdi
	EndGlobalSection
EndGlobal
